// !$*UTF8*$!
{
	archiveVersion = 1;
	classes = {
	};
	objectVersion = 51;
	objects = {

/* Begin PBXBuildFile section */
		1924E2A823C8820900E4AB26 /* AppView.swift in Sources */ = {isa = PBXBuildFile; fileRef = 1924E2A723C8820900E4AB26 /* AppView.swift */; };
		193286AB23C88554004F0780 /* HomeScreen.swift in Sources */ = {isa = PBXBuildFile; fileRef = 193286AA23C88554004F0780 /* HomeScreen.swift */; };
		19591A3223CA1A0800DFB92F /* Color.swift in Sources */ = {isa = PBXBuildFile; fileRef = 19591A3123CA1A0800DFB92F /* Color.swift */; };
		197BFF2123C7812D00AF2874 /* AppDelegate.swift in Sources */ = {isa = PBXBuildFile; fileRef = 197BFF2023C7812D00AF2874 /* AppDelegate.swift */; };
		197BFF2323C7812D00AF2874 /* SceneDelegate.swift in Sources */ = {isa = PBXBuildFile; fileRef = 197BFF2223C7812D00AF2874 /* SceneDelegate.swift */; };
		197BFF2523C7812D00AF2874 /* ContentView.swift in Sources */ = {isa = PBXBuildFile; fileRef = 197BFF2423C7812D00AF2874 /* ContentView.swift */; };
		197BFF2723C7812D00AF2874 /* Assets.xcassets in Resources */ = {isa = PBXBuildFile; fileRef = 197BFF2623C7812D00AF2874 /* Assets.xcassets */; };
		197BFF2A23C7812D00AF2874 /* Preview Assets.xcassets in Resources */ = {isa = PBXBuildFile; fileRef = 197BFF2923C7812D00AF2874 /* Preview Assets.xcassets */; };
		197BFF2D23C7812D00AF2874 /* LaunchScreen.storyboard in Resources */ = {isa = PBXBuildFile; fileRef = 197BFF2B23C7812D00AF2874 /* LaunchScreen.storyboard */; };
		197BFF3523C7813C00AF2874 /* GoogleService-Info.plist in Resources */ = {isa = PBXBuildFile; fileRef = 197BFF3423C7813C00AF2874 /* GoogleService-Info.plist */; };
		19FDB57923C7838E0093F6A0 /* SessionStore.swift in Sources */ = {isa = PBXBuildFile; fileRef = 19FDB57823C7838E0093F6A0 /* SessionStore.swift */; };
		19FDB57C23C78BEB0093F6A0 /* User.swift in Sources */ = {isa = PBXBuildFile; fileRef = 19FDB57B23C78BEB0093F6A0 /* User.swift */; };
		91A79B7BB176B57FD11FDAF4 /* Pods_flying_sushi.framework in Frameworks */ = {isa = PBXBuildFile; fileRef = DFA7E6206D280EAA515A63F3 /* Pods_flying_sushi.framework */; };
/* End PBXBuildFile section */

/* Begin PBXFileReference section */
		1924E2A723C8820900E4AB26 /* AppView.swift */ = {isa = PBXFileReference; lastKnownFileType = sourcecode.swift; path = AppView.swift; sourceTree = "<group>"; };
		193286AA23C88554004F0780 /* HomeScreen.swift */ = {isa = PBXFileReference; lastKnownFileType = sourcecode.swift; path = HomeScreen.swift; sourceTree = "<group>"; };
		19591A3123CA1A0800DFB92F /* Color.swift */ = {isa = PBXFileReference; lastKnownFileType = sourcecode.swift; path = Color.swift; sourceTree = "<group>"; };
		197BFF1D23C7812D00AF2874 /* flying-sushi.app */ = {isa = PBXFileReference; explicitFileType = wrapper.application; includeInIndex = 0; path = "flying-sushi.app"; sourceTree = BUILT_PRODUCTS_DIR; };
		197BFF2023C7812D00AF2874 /* AppDelegate.swift */ = {isa = PBXFileReference; lastKnownFileType = sourcecode.swift; path = AppDelegate.swift; sourceTree = "<group>"; };
		197BFF2223C7812D00AF2874 /* SceneDelegate.swift */ = {isa = PBXFileReference; lastKnownFileType = sourcecode.swift; path = SceneDelegate.swift; sourceTree = "<group>"; };
		197BFF2423C7812D00AF2874 /* ContentView.swift */ = {isa = PBXFileReference; lastKnownFileType = sourcecode.swift; path = ContentView.swift; sourceTree = "<group>"; };
		197BFF2623C7812D00AF2874 /* Assets.xcassets */ = {isa = PBXFileReference; lastKnownFileType = folder.assetcatalog; path = Assets.xcassets; sourceTree = "<group>"; };
		197BFF2923C7812D00AF2874 /* Preview Assets.xcassets */ = {isa = PBXFileReference; lastKnownFileType = folder.assetcatalog; path = "Preview Assets.xcassets"; sourceTree = "<group>"; };
		197BFF2C23C7812D00AF2874 /* Base */ = {isa = PBXFileReference; lastKnownFileType = file.storyboard; name = Base; path = Base.lproj/LaunchScreen.storyboard; sourceTree = "<group>"; };
		197BFF2E23C7812D00AF2874 /* Info.plist */ = {isa = PBXFileReference; lastKnownFileType = text.plist.xml; path = Info.plist; sourceTree = "<group>"; };
		197BFF3423C7813C00AF2874 /* GoogleService-Info.plist */ = {isa = PBXFileReference; fileEncoding = 4; lastKnownFileType = text.plist.xml; path = "GoogleService-Info.plist"; sourceTree = "<group>"; };
		19FDB57823C7838E0093F6A0 /* SessionStore.swift */ = {isa = PBXFileReference; lastKnownFileType = sourcecode.swift; path = SessionStore.swift; sourceTree = "<group>"; };
		19FDB57B23C78BEB0093F6A0 /* User.swift */ = {isa = PBXFileReference; lastKnownFileType = sourcecode.swift; path = User.swift; sourceTree = "<group>"; };
		3D76C8E46600D5BB6FFF0689 /* Pods-flying-sushi.release.xcconfig */ = {isa = PBXFileReference; includeInIndex = 1; lastKnownFileType = text.xcconfig; name = "Pods-flying-sushi.release.xcconfig"; path = "Target Support Files/Pods-flying-sushi/Pods-flying-sushi.release.xcconfig"; sourceTree = "<group>"; };
		C67EBDB84FDCB7203431D9DC /* Pods-flying-sushi.debug.xcconfig */ = {isa = PBXFileReference; includeInIndex = 1; lastKnownFileType = text.xcconfig; name = "Pods-flying-sushi.debug.xcconfig"; path = "Target Support Files/Pods-flying-sushi/Pods-flying-sushi.debug.xcconfig"; sourceTree = "<group>"; };
		DFA7E6206D280EAA515A63F3 /* Pods_flying_sushi.framework */ = {isa = PBXFileReference; explicitFileType = wrapper.framework; includeInIndex = 0; path = Pods_flying_sushi.framework; sourceTree = BUILT_PRODUCTS_DIR; };
/* End PBXFileReference section */

/* Begin PBXFrameworksBuildPhase section */
		197BFF1A23C7812D00AF2874 /* Frameworks */ = {
			isa = PBXFrameworksBuildPhase;
			buildActionMask = 2147483647;
			files = (
				91A79B7BB176B57FD11FDAF4 /* Pods_flying_sushi.framework in Frameworks */,
			);
			runOnlyForDeploymentPostprocessing = 0;
		};
/* End PBXFrameworksBuildPhase section */

/* Begin PBXGroup section */
		194957E723C9B14B00FD8577 /* launch */ = {
			isa = PBXGroup;
			children = (
				197BFF2023C7812D00AF2874 /* AppDelegate.swift */,
				197BFF2223C7812D00AF2874 /* SceneDelegate.swift */,
			);
			path = launch;
			sourceTree = "<group>";
		};
		19591A3023CA19F100DFB92F /* common */ = {
			isa = PBXGroup;
			children = (
				19591A3123CA1A0800DFB92F /* Color.swift */,
			);
			path = common;
			sourceTree = "<group>";
		};
		197BFF1423C7812D00AF2874 = {
			isa = PBXGroup;
			children = (
				197BFF1F23C7812D00AF2874 /* flying-sushi */,
				197BFF1E23C7812D00AF2874 /* Products */,
				5340469CA76560B36942EE89 /* Pods */,
				46D6B021A605AC093F39847B /* Frameworks */,
			);
			sourceTree = "<group>";
		};
		197BFF1E23C7812D00AF2874 /* Products */ = {
			isa = PBXGroup;
			children = (
				197BFF1D23C7812D00AF2874 /* flying-sushi.app */,
			);
			name = Products;
			sourceTree = "<group>";
		};
		197BFF1F23C7812D00AF2874 /* flying-sushi */ = {
			isa = PBXGroup;
			children = (
				19591A3023CA19F100DFB92F /* common */,
				194957E723C9B14B00FD8577 /* launch */,
				19FDB57D23C78D9C0093F6A0 /* view */,
				19FDB57A23C78BD60093F6A0 /* domain */,
				19FDB57723C783740093F6A0 /* infrastructures */,
				197BFF2623C7812D00AF2874 /* Assets.xcassets */,
				197BFF2B23C7812D00AF2874 /* LaunchScreen.storyboard */,
				197BFF3423C7813C00AF2874 /* GoogleService-Info.plist */,
				197BFF2E23C7812D00AF2874 /* Info.plist */,
				197BFF2823C7812D00AF2874 /* Preview Content */,
			);
			path = "flying-sushi";
			sourceTree = "<group>";
		};
		197BFF2823C7812D00AF2874 /* Preview Content */ = {
			isa = PBXGroup;
			children = (
				197BFF2923C7812D00AF2874 /* Preview Assets.xcassets */,
			);
			path = "Preview Content";
			sourceTree = "<group>";
		};
		19FDB57723C783740093F6A0 /* infrastructures */ = {
			isa = PBXGroup;
			children = (
				19FDB57823C7838E0093F6A0 /* SessionStore.swift */,
			);
			path = infrastructures;
			sourceTree = "<group>";
		};
		19FDB57A23C78BD60093F6A0 /* domain */ = {
			isa = PBXGroup;
			children = (
				19FDB57B23C78BEB0093F6A0 /* User.swift */,
			);
			path = domain;
			sourceTree = "<group>";
		};
		19FDB57D23C78D9C0093F6A0 /* view */ = {
			isa = PBXGroup;
			children = (
				197BFF2423C7812D00AF2874 /* ContentView.swift */,
				1924E2A723C8820900E4AB26 /* AppView.swift */,
				193286AA23C88554004F0780 /* HomeScreen.swift */,
			);
			path = view;
			sourceTree = "<group>";
		};
		46D6B021A605AC093F39847B /* Frameworks */ = {
			isa = PBXGroup;
			children = (
				DFA7E6206D280EAA515A63F3 /* Pods_flying_sushi.framework */,
			);
			name = Frameworks;
			sourceTree = "<group>";
		};
		5340469CA76560B36942EE89 /* Pods */ = {
			isa = PBXGroup;
			children = (
				C67EBDB84FDCB7203431D9DC /* Pods-flying-sushi.debug.xcconfig */,
				3D76C8E46600D5BB6FFF0689 /* Pods-flying-sushi.release.xcconfig */,
			);
			path = Pods;
			sourceTree = "<group>";
		};
/* End PBXGroup section */

/* Begin PBXNativeTarget section */
		197BFF1C23C7812D00AF2874 /* flying-sushi */ = {
			isa = PBXNativeTarget;
			buildConfigurationList = 197BFF3123C7812D00AF2874 /* Build configuration list for PBXNativeTarget "flying-sushi" */;
			buildPhases = (
				4B927D67687AA9ECF7CA6D19 /* [CP] Check Pods Manifest.lock */,
				197BFF1923C7812D00AF2874 /* Sources */,
				197BFF1A23C7812D00AF2874 /* Frameworks */,
				197BFF1B23C7812D00AF2874 /* Resources */,
				F54297A02950D90B753463A8 /* [CP] Embed Pods Frameworks */,
				1889D1B9B13B52CEB829B0C6 /* [CP] Copy Pods Resources */,
			);
			buildRules = (
			);
			dependencies = (
			);
			name = "flying-sushi";
			productName = "flying-sushi";
			productReference = 197BFF1D23C7812D00AF2874 /* flying-sushi.app */;
			productType = "com.apple.product-type.application";
		};
/* End PBXNativeTarget section */

/* Begin PBXProject section */
		197BFF1523C7812D00AF2874 /* Project object */ = {
			isa = PBXProject;
			attributes = {
				LastSwiftUpdateCheck = 1130;
				LastUpgradeCheck = 1130;
				ORGANIZATIONNAME = "ddd-project";
				TargetAttributes = {
					197BFF1C23C7812D00AF2874 = {
						CreatedOnToolsVersion = 11.3;
					};
				};
			};
			buildConfigurationList = 197BFF1823C7812D00AF2874 /* Build configuration list for PBXProject "flying-sushi" */;
			compatibilityVersion = "Xcode 9.3";
			developmentRegion = en;
			hasScannedForEncodings = 0;
			knownRegions = (
				en,
				Base,
			);
			mainGroup = 197BFF1423C7812D00AF2874;
			productRefGroup = 197BFF1E23C7812D00AF2874 /* Products */;
			projectDirPath = "";
			projectRoot = "";
			targets = (
				197BFF1C23C7812D00AF2874 /* flying-sushi */,
			);
		};
/* End PBXProject section */

/* Begin PBXResourcesBuildPhase section */
		197BFF1B23C7812D00AF2874 /* Resources */ = {
			isa = PBXResourcesBuildPhase;
			buildActionMask = 2147483647;
			files = (
				197BFF2D23C7812D00AF2874 /* LaunchScreen.storyboard in Resources */,
				197BFF3523C7813C00AF2874 /* GoogleService-Info.plist in Resources */,
				197BFF2A23C7812D00AF2874 /* Preview Assets.xcassets in Resources */,
				197BFF2723C7812D00AF2874 /* Assets.xcassets in Resources */,
			);
			runOnlyForDeploymentPostprocessing = 0;
		};
/* End PBXResourcesBuildPhase section */

/* Begin PBXShellScriptBuildPhase section */
		1889D1B9B13B52CEB829B0C6 /* [CP] Copy Pods Resources */ = {
			isa = PBXShellScriptBuildPhase;
			buildActionMask = 2147483647;
			files = (
			);
			inputFileListPaths = (
				"${PODS_ROOT}/Target Support Files/Pods-flying-sushi/Pods-flying-sushi-resources-${CONFIGURATION}-input-files.xcfilelist",
			);
			name = "[CP] Copy Pods Resources";
			outputFileListPaths = (
				"${PODS_ROOT}/Target Support Files/Pods-flying-sushi/Pods-flying-sushi-resources-${CONFIGURATION}-output-files.xcfilelist",
			);
			runOnlyForDeploymentPostprocessing = 0;
			shellPath = /bin/sh;
			shellScript = "\"${PODS_ROOT}/Target Support Files/Pods-flying-sushi/Pods-flying-sushi-resources.sh\"\n";
			showEnvVarsInLog = 0;
		};
		4B927D67687AA9ECF7CA6D19 /* [CP] Check Pods Manifest.lock */ = {
			isa = PBXShellScriptBuildPhase;
			buildActionMask = 2147483647;
			files = (
			);
			inputFileListPaths = (
			);
			inputPaths = (
				"${PODS_PODFILE_DIR_PATH}/Podfile.lock",
				"${PODS_ROOT}/Manifest.lock",
			);
			name = "[CP] Check Pods Manifest.lock";
			outputFileListPaths = (
			);
			outputPaths = (
				"$(DERIVED_FILE_DIR)/Pods-flying-sushi-checkManifestLockResult.txt",
			);
			runOnlyForDeploymentPostprocessing = 0;
			shellPath = /bin/sh;
			shellScript = "diff \"${PODS_PODFILE_DIR_PATH}/Podfile.lock\" \"${PODS_ROOT}/Manifest.lock\" > /dev/null\nif [ $? != 0 ] ; then\n    # print error to STDERR\n    echo \"error: The sandbox is not in sync with the Podfile.lock. Run 'pod install' or update your CocoaPods installation.\" >&2\n    exit 1\nfi\n# This output is used by Xcode 'outputs' to avoid re-running this script phase.\necho \"SUCCESS\" > \"${SCRIPT_OUTPUT_FILE_0}\"\n";
			showEnvVarsInLog = 0;
		};
		F54297A02950D90B753463A8 /* [CP] Embed Pods Frameworks */ = {
			isa = PBXShellScriptBuildPhase;
			buildActionMask = 2147483647;
			files = (
			);
			inputFileListPaths = (
				"${PODS_ROOT}/Target Support Files/Pods-flying-sushi/Pods-flying-sushi-frameworks-${CONFIGURATION}-input-files.xcfilelist",
			);
			name = "[CP] Embed Pods Frameworks";
			outputFileListPaths = (
				"${PODS_ROOT}/Target Support Files/Pods-flying-sushi/Pods-flying-sushi-frameworks-${CONFIGURATION}-output-files.xcfilelist",
			);
			runOnlyForDeploymentPostprocessing = 0;
			shellPath = /bin/sh;
			shellScript = "\"${PODS_ROOT}/Target Support Files/Pods-flying-sushi/Pods-flying-sushi-frameworks.sh\"\n";
			showEnvVarsInLog = 0;
		};
/* End PBXShellScriptBuildPhase section */

/* Begin PBXSourcesBuildPhase section */
		197BFF1923C7812D00AF2874 /* Sources */ = {
			isa = PBXSourcesBuildPhase;
			buildActionMask = 2147483647;
			files = (
				19FDB57C23C78BEB0093F6A0 /* User.swift in Sources */,
				197BFF2123C7812D00AF2874 /* AppDelegate.swift in Sources */,
				19591A3223CA1A0800DFB92F /* Color.swift in Sources */,
				1924E2A823C8820900E4AB26 /* AppView.swift in Sources */,
				197BFF2323C7812D00AF2874 /* SceneDelegate.swift in Sources */,
				197BFF2523C7812D00AF2874 /* ContentView.swift in Sources */,
				19FDB57923C7838E0093F6A0 /* SessionStore.swift in Sources */,
				193286AB23C88554004F0780 /* HomeScreen.swift in Sources */,
			);
			runOnlyForDeploymentPostprocessing = 0;
		};
/* End PBXSourcesBuildPhase section */

/* Begin PBXVariantGroup section */
		197BFF2B23C7812D00AF2874 /* LaunchScreen.storyboard */ = {
			isa = PBXVariantGroup;
			children = (
				197BFF2C23C7812D00AF2874 /* Base */,
			);
			name = LaunchScreen.storyboard;
			sourceTree = "<group>";
		};
/* End PBXVariantGroup section */

/* Begin XCBuildConfiguration section */
		197BFF2F23C7812D00AF2874 /* Debug */ = {
			isa = XCBuildConfiguration;
			buildSettings = {
				ALWAYS_SEARCH_USER_PATHS = NO;
				CLANG_ANALYZER_NONNULL = YES;
				CLANG_ANALYZER_NUMBER_OBJECT_CONVERSION = YES_AGGRESSIVE;
				CLANG_CXX_LANGUAGE_STANDARD = "gnu++14";
				CLANG_CXX_LIBRARY = "libc++";
				CLANG_ENABLE_MODULES = YES;
				CLANG_ENABLE_OBJC_ARC = YES;
				CLANG_ENABLE_OBJC_WEAK = YES;
				CLANG_WARN_BLOCK_CAPTURE_AUTORELEASING = YES;
				CLANG_WARN_BOOL_CONVERSION = YES;
				CLANG_WARN_COMMA = YES;
				CLANG_WARN_CONSTANT_CONVERSION = YES;
				CLANG_WARN_DEPRECATED_OBJC_IMPLEMENTATIONS = YES;
				CLANG_WARN_DIRECT_OBJC_ISA_USAGE = YES_ERROR;
				CLANG_WARN_DOCUMENTATION_COMMENTS = YES;
				CLANG_WARN_EMPTY_BODY = YES;
				CLANG_WARN_ENUM_CONVERSION = YES;
				CLANG_WARN_INFINITE_RECURSION = YES;
				CLANG_WARN_INT_CONVERSION = YES;
				CLANG_WARN_NON_LITERAL_NULL_CONVERSION = YES;
				CLANG_WARN_OBJC_IMPLICIT_RETAIN_SELF = YES;
				CLANG_WARN_OBJC_LITERAL_CONVERSION = YES;
				CLANG_WARN_OBJC_ROOT_CLASS = YES_ERROR;
				CLANG_WARN_RANGE_LOOP_ANALYSIS = YES;
				CLANG_WARN_STRICT_PROTOTYPES = YES;
				CLANG_WARN_SUSPICIOUS_MOVE = YES;
				CLANG_WARN_UNGUARDED_AVAILABILITY = YES_AGGRESSIVE;
				CLANG_WARN_UNREACHABLE_CODE = YES;
				CLANG_WARN__DUPLICATE_METHOD_MATCH = YES;
				COPY_PHASE_STRIP = NO;
				DEBUG_INFORMATION_FORMAT = dwarf;
				ENABLE_STRICT_OBJC_MSGSEND = YES;
				ENABLE_TESTABILITY = YES;
				GCC_C_LANGUAGE_STANDARD = gnu11;
				GCC_DYNAMIC_NO_PIC = NO;
				GCC_NO_COMMON_BLOCKS = YES;
				GCC_OPTIMIZATION_LEVEL = 0;
				GCC_PREPROCESSOR_DEFINITIONS = (
					"DEBUG=1",
					"$(inherited)",
				);
				GCC_WARN_64_TO_32_BIT_CONVERSION = YES;
				GCC_WARN_ABOUT_RETURN_TYPE = YES_ERROR;
				GCC_WARN_UNDECLARED_SELECTOR = YES;
				GCC_WARN_UNINITIALIZED_AUTOS = YES_AGGRESSIVE;
				GCC_WARN_UNUSED_FUNCTION = YES;
				GCC_WARN_UNUSED_VARIABLE = YES;
				IPHONEOS_DEPLOYMENT_TARGET = 13.2;
				MTL_ENABLE_DEBUG_INFO = INCLUDE_SOURCE;
				MTL_FAST_MATH = YES;
				ONLY_ACTIVE_ARCH = YES;
				SDKROOT = iphoneos;
				SWIFT_ACTIVE_COMPILATION_CONDITIONS = DEBUG;
				SWIFT_OPTIMIZATION_LEVEL = "-Onone";
			};
			name = Debug;
		};
		197BFF3023C7812D00AF2874 /* Release */ = {
			isa = XCBuildConfiguration;
			buildSettings = {
				ALWAYS_SEARCH_USER_PATHS = NO;
				CLANG_ANALYZER_NONNULL = YES;
				CLANG_ANALYZER_NUMBER_OBJECT_CONVERSION = YES_AGGRESSIVE;
				CLANG_CXX_LANGUAGE_STANDARD = "gnu++14";
				CLANG_CXX_LIBRARY = "libc++";
				CLANG_ENABLE_MODULES = YES;
				CLANG_ENABLE_OBJC_ARC = YES;
				CLANG_ENABLE_OBJC_WEAK = YES;
				CLANG_WARN_BLOCK_CAPTURE_AUTORELEASING = YES;
				CLANG_WARN_BOOL_CONVERSION = YES;
				CLANG_WARN_COMMA = YES;
				CLANG_WARN_CONSTANT_CONVERSION = YES;
				CLANG_WARN_DEPRECATED_OBJC_IMPLEMENTATIONS = YES;
				CLANG_WARN_DIRECT_OBJC_ISA_USAGE = YES_ERROR;
				CLANG_WARN_DOCUMENTATION_COMMENTS = YES;
				CLANG_WARN_EMPTY_BODY = YES;
				CLANG_WARN_ENUM_CONVERSION = YES;
				CLANG_WARN_INFINITE_RECURSION = YES;
				CLANG_WARN_INT_CONVERSION = YES;
				CLANG_WARN_NON_LITERAL_NULL_CONVERSION = YES;
				CLANG_WARN_OBJC_IMPLICIT_RETAIN_SELF = YES;
				CLANG_WARN_OBJC_LITERAL_CONVERSION = YES;
				CLANG_WARN_OBJC_ROOT_CLASS = YES_ERROR;
				CLANG_WARN_RANGE_LOOP_ANALYSIS = YES;
				CLANG_WARN_STRICT_PROTOTYPES = YES;
				CLANG_WARN_SUSPICIOUS_MOVE = YES;
				CLANG_WARN_UNGUARDED_AVAILABILITY = YES_AGGRESSIVE;
				CLANG_WARN_UNREACHABLE_CODE = YES;
				CLANG_WARN__DUPLICATE_METHOD_MATCH = YES;
				COPY_PHASE_STRIP = NO;
				DEBUG_INFORMATION_FORMAT = "dwarf-with-dsym";
				ENABLE_NS_ASSERTIONS = NO;
				ENABLE_STRICT_OBJC_MSGSEND = YES;
				GCC_C_LANGUAGE_STANDARD = gnu11;
				GCC_NO_COMMON_BLOCKS = YES;
				GCC_WARN_64_TO_32_BIT_CONVERSION = YES;
				GCC_WARN_ABOUT_RETURN_TYPE = YES_ERROR;
				GCC_WARN_UNDECLARED_SELECTOR = YES;
				GCC_WARN_UNINITIALIZED_AUTOS = YES_AGGRESSIVE;
				GCC_WARN_UNUSED_FUNCTION = YES;
				GCC_WARN_UNUSED_VARIABLE = YES;
				IPHONEOS_DEPLOYMENT_TARGET = 13.2;
				MTL_ENABLE_DEBUG_INFO = NO;
				MTL_FAST_MATH = YES;
				SDKROOT = iphoneos;
				SWIFT_COMPILATION_MODE = wholemodule;
				SWIFT_OPTIMIZATION_LEVEL = "-O";
				VALIDATE_PRODUCT = YES;
			};
			name = Release;
		};
		197BFF3223C7812D00AF2874 /* Debug */ = {
			isa = XCBuildConfiguration;
			baseConfigurationReference = C67EBDB84FDCB7203431D9DC /* Pods-flying-sushi.debug.xcconfig */;
			buildSettings = {
				ASSETCATALOG_COMPILER_APPICON_NAME = AppIcon;
				CODE_SIGN_STYLE = Automatic;
				DEVELOPMENT_ASSET_PATHS = "\"flying-sushi/Preview Content\"";
				DEVELOPMENT_TEAM = Y4Y743PT2C;
				ENABLE_PREVIEWS = YES;
				INFOPLIST_FILE = "flying-sushi/Info.plist";
				LD_RUNPATH_SEARCH_PATHS = (
					"$(inherited)",
					"@executable_path/Frameworks",
				);
				PRODUCT_BUNDLE_IDENTIFIER = "ddd.flying-sushi";
				PRODUCT_NAME = "$(TARGET_NAME)";
				SWIFT_VERSION = 5.0;
				TARGETED_DEVICE_FAMILY = "1,2";
			};
			name = Debug;
		};
		197BFF3323C7812D00AF2874 /* Release */ = {
			isa = XCBuildConfiguration;
			baseConfigurationReference = 3D76C8E46600D5BB6FFF0689 /* Pods-flying-sushi.release.xcconfig */;
			buildSettings = {
				ASSETCATALOG_COMPILER_APPICON_NAME = AppIcon;
				CODE_SIGN_STYLE = Automatic;
				DEVELOPMENT_ASSET_PATHS = "\"flying-sushi/Preview Content\"";
				DEVELOPMENT_TEAM = Y4Y743PT2C;
				ENABLE_PREVIEWS = YES;
				INFOPLIST_FILE = "flying-sushi/Info.plist";
				LD_RUNPATH_SEARCH_PATHS = (
					"$(inherited)",
					"@executable_path/Frameworks",
				);
				PRODUCT_BUNDLE_IDENTIFIER = "ddd.flying-sushi";
				PRODUCT_NAME = "$(TARGET_NAME)";
				SWIFT_VERSION = 5.0;
				TARGETED_DEVICE_FAMILY = "1,2";
			};
			name = Release;
		};
/* End XCBuildConfiguration section */

/* Begin XCConfigurationList section */
		197BFF1823C7812D00AF2874 /* Build configuration list for PBXProject "flying-sushi" */ = {
			isa = XCConfigurationList;
			buildConfigurations = (
				197BFF2F23C7812D00AF2874 /* Debug */,
				197BFF3023C7812D00AF2874 /* Release */,
			);
			defaultConfigurationIsVisible = 0;
			defaultConfigurationName = Release;
		};
		197BFF3123C7812D00AF2874 /* Build configuration list for PBXNativeTarget "flying-sushi" */ = {
			isa = XCConfigurationList;
			buildConfigurations = (
				197BFF3223C7812D00AF2874 /* Debug */,
				197BFF3323C7812D00AF2874 /* Release */,
			);
			defaultConfigurationIsVisible = 0;
			defaultConfigurationName = Release;
		};
/* End XCConfigurationList section */
	};
	rootObject = 197BFF1523C7812D00AF2874 /* Project object */;
}
